
Microsoft Visual Studio Solution File, Format Version 12.00
# Visual Studio Version 17
VisualStudioVersion = 17.2.32630.192
MinimumVisualStudioVersion = 10.0.40219.1
Project("{9A19103F-16F7-4668-BE54-9A1E7A4F7556}") = "PDBTools.Serializer", "PDBTools.Serializer\PDBTools.Serializer.csproj", "{99B5839E-EC27-4FFA-B17A-CF1047066296}"
EndProject
Project("{FAE04EC0-301F-11D3-BF4B-00C04F79EFBC}") = "PDBTools", "PDBTools\PDBTools.csproj", "{DBF409B6-73E4-40CD-8F47-CB83C13FF3C9}"
EndProject
Global
	GlobalSection(SolutionConfigurationPlatforms) = preSolution
		Debug|Any CPU = Debug|Any CPU
		Release|Any CPU = Release|Any CPU
	EndGlobalSection
	GlobalSection(ProjectConfigurationPlatforms) = postSolution
		{99B5839E-EC27-4FFA-B17A-CF1047066296}.Debug|Any CPU.ActiveCfg = Debug|Any CPU
		{99B5839E-EC27-4FFA-B17A-CF1047066296}.Debug|Any CPU.Build.0 = Debug|Any CPU
		{99B5839E-EC27-4FFA-B17A-CF1047066296}.Release|Any CPU.ActiveCfg = Release|Any CPU
		{99B5839E-EC27-4FFA-B17A-CF1047066296}.Release|Any CPU.Build.0 = Release|Any CPU
		{DBF409B6-73E4-40CD-8F47-CB83C13FF3C9}.Debug|Any CPU.ActiveCfg = Debug|Any CPU
		{DBF409B6-73E4-40CD-8F47-CB83C13FF3C9}.Debug|Any CPU.Build.0 = Debug|Any CPU
		{DBF409B6-73E4-40CD-8F47-CB83C13FF3C9}.Release|Any CPU.ActiveCfg = Release|Any CPU
		{DBF409B6-73E4-40CD-8F47-CB83C13FF3C9}.Release|Any CPU.Build.0 = Release|Any CPU
	EndGlobalSection
	GlobalSection(SolutionProperties) = preSolution
		HideSolutionNode = FALSE
	EndGlobalSection
	GlobalSection(ExtensibilityGlobals) = postSolution
		SolutionGuid = {B2702F27-AC27-4CFC-8230-49994070175A}
	EndGlobalSection
EndGlobal
